
Microsoft Visual Studio Solution File, Format Version 12.00
# Visual Studio Version 16
VisualStudioVersion = 16.0.28803.156
MinimumVisualStudioVersion = 10.0.40219.1
Project("{FAE04EC0-301F-11D3-BF4B-00C04F79EFBC}") = "WpfApp19", "WpfApp19\WpfApp19.csproj", "{A996BF7D-C83F-42E4-A5F3-E67C4C25CA77}"
EndProject
Global
	GlobalSection(SolutionConfigurationPlatforms) = preSolution
		Debug|Any CPU = Debug|Any CPU
		Release|Any CPU = Release|Any CPU
	EndGlobalSection
	GlobalSection(ProjectConfigurationPlatforms) = postSolution
		{A996BF7D-C83F-42E4-A5F3-E67C4C25CA77}.Debug|Any CPU.ActiveCfg = Debug|Any CPU
		{A996BF7D-C83F-42E4-A5F3-E67C4C25CA77}.Debug|Any CPU.Build.0 = Debug|Any CPU
		{A996BF7D-C83F-42E4-A5F3-E67C4C25CA77}.Release|Any CPU.ActiveCfg = Release|Any CPU
		{A996BF7D-C83F-42E4-A5F3-E67C4C25CA77}.Release|Any CPU.Build.0 = Release|Any CPU
	EndGlobalSection
	GlobalSection(SolutionProperties) = preSolution
		HideSolutionNode = FALSE
	EndGlobalSection
	GlobalSection(ExtensibilityGlobals) = postSolution
		SolutionGuid = {F27258C0-AE0B-494E-B3C0-163CB91AB332}
	EndGlobalSection
EndGlobal
